
Microsoft Visual Studio Solution File, Format Version 12.00
# Visual Studio Version 16
VisualStudioVersion = 16.0.29920.165
MinimumVisualStudioVersion = 10.0.40219.1
Project("{9A19103F-16F7-4668-BE54-9A1E7A4F7556}") = "Codefarts.IoCStandard20", "Codefarts.IoCStandard20\Codefarts.IoCStandard20.csproj", "{609A842A-7A18-428F-8716-17770F63FFBC}"
EndProject
Project("{FAE04EC0-301F-11D3-BF4B-00C04F79EFBC}") = "Codefarts.IoCNET20", "Codefarts.IoCNET20\Codefarts.IoCNET20.csproj", "{503E8ACC-EC61-4338-B4E5-49C6F8CA894C}"
EndProject
Project("{FAE04EC0-301F-11D3-BF4B-00C04F79EFBC}") = "Codefarts.IoCNET35", "Codefarts.IoCNET35\Codefarts.IoCNET35.csproj", "{962D2F24-712B-440D-9A0C-E86905210AC1}"
EndProject
Project("{FAE04EC0-301F-11D3-BF4B-00C04F79EFBC}") = "Codefarts.IoC.Tests", "Codefarts.IoC.Tests\Codefarts.IoC.Tests.csproj", "{9E82C75E-BCAF-4630-90F9-EE0145572EF8}"
EndProject
Project("{FAE04EC0-301F-11D3-BF4B-00C04F79EFBC}") = "Codefarts.IoCNET5", "Codefarts.IoCNET5\Codefarts.IoCNET5.csproj", "{D3F8ED4E-4740-4946-9C5A-AE5F690356D3}"
EndProject
Project("{FAE04EC0-301F-11D3-BF4B-00C04F79EFBC}") = "Codefarts.IoCNET6", "Codefarts.IoCNET6\Codefarts.IoCNET6.csproj", "{AB25D08A-9CD6-4E0B-84D2-7BD7B14C36A8}"
EndProject
Project("{FAE04EC0-301F-11D3-BF4B-00C04F79EFBC}") = "Codefarts.IoC.TestsNET6", "Codefarts.IoC.TestsNET6\Codefarts.IoC.TestsNET6.csproj", "{FADB1828-754D-4302-96E1-F7014B36A2B3}"
EndProject
Project("{FAE04EC0-301F-11D3-BF4B-00C04F79EFBC}") = "Codefarts.IoC.Benchmarking", "Codefarts.IoC.Benchmarking\Codefarts.IoC.Benchmarking.csproj", "{449A7176-0830-4A69-AF67-A1F206B6417A}"
EndProject
Global
	GlobalSection(SolutionConfigurationPlatforms) = preSolution
		Debug|Any CPU = Debug|Any CPU
		Release|Any CPU = Release|Any CPU
	EndGlobalSection
	GlobalSection(ProjectConfigurationPlatforms) = postSolution
		{609A842A-7A18-428F-8716-17770F63FFBC}.Debug|Any CPU.ActiveCfg = Debug|Any CPU
		{609A842A-7A18-428F-8716-17770F63FFBC}.Debug|Any CPU.Build.0 = Debug|Any CPU
		{609A842A-7A18-428F-8716-17770F63FFBC}.Release|Any CPU.ActiveCfg = Release|Any CPU
		{609A842A-7A18-428F-8716-17770F63FFBC}.Release|Any CPU.Build.0 = Release|Any CPU
		{503E8ACC-EC61-4338-B4E5-49C6F8CA894C}.Debug|Any CPU.ActiveCfg = Debug|Any CPU
		{503E8ACC-EC61-4338-B4E5-49C6F8CA894C}.Debug|Any CPU.Build.0 = Debug|Any CPU
		{503E8ACC-EC61-4338-B4E5-49C6F8CA894C}.Release|Any CPU.ActiveCfg = Release|Any CPU
		{503E8ACC-EC61-4338-B4E5-49C6F8CA894C}.Release|Any CPU.Build.0 = Release|Any CPU
		{962D2F24-712B-440D-9A0C-E86905210AC1}.Debug|Any CPU.ActiveCfg = Debug|Any CPU
		{962D2F24-712B-440D-9A0C-E86905210AC1}.Debug|Any CPU.Build.0 = Debug|Any CPU
		{962D2F24-712B-440D-9A0C-E86905210AC1}.Release|Any CPU.ActiveCfg = Release|Any CPU
		{962D2F24-712B-440D-9A0C-E86905210AC1}.Release|Any CPU.Build.0 = Release|Any CPU
		{9E82C75E-BCAF-4630-90F9-EE0145572EF8}.Debug|Any CPU.ActiveCfg = Debug|Any CPU
		{9E82C75E-BCAF-4630-90F9-EE0145572EF8}.Debug|Any CPU.Build.0 = Debug|Any CPU
		{9E82C75E-BCAF-4630-90F9-EE0145572EF8}.Release|Any CPU.ActiveCfg = Release|Any CPU
		{9E82C75E-BCAF-4630-90F9-EE0145572EF8}.Release|Any CPU.Build.0 = Release|Any CPU
		{D3F8ED4E-4740-4946-9C5A-AE5F690356D3}.Debug|Any CPU.ActiveCfg = Debug|Any CPU
		{D3F8ED4E-4740-4946-9C5A-AE5F690356D3}.Debug|Any CPU.Build.0 = Debug|Any CPU
		{D3F8ED4E-4740-4946-9C5A-AE5F690356D3}.Release|Any CPU.ActiveCfg = Release|Any CPU
		{D3F8ED4E-4740-4946-9C5A-AE5F690356D3}.Release|Any CPU.Build.0 = Release|Any CPU
		{AB25D08A-9CD6-4E0B-84D2-7BD7B14C36A8}.Debug|Any CPU.ActiveCfg = Debug|Any CPU
		{AB25D08A-9CD6-4E0B-84D2-7BD7B14C36A8}.Debug|Any CPU.Build.0 = Debug|Any CPU
		{AB25D08A-9CD6-4E0B-84D2-7BD7B14C36A8}.Release|Any CPU.ActiveCfg = Release|Any CPU
		{AB25D08A-9CD6-4E0B-84D2-7BD7B14C36A8}.Release|Any CPU.Build.0 = Release|Any CPU
		{FADB1828-754D-4302-96E1-F7014B36A2B3}.Debug|Any CPU.ActiveCfg = Debug|Any CPU
		{FADB1828-754D-4302-96E1-F7014B36A2B3}.Debug|Any CPU.Build.0 = Debug|Any CPU
		{FADB1828-754D-4302-96E1-F7014B36A2B3}.Release|Any CPU.ActiveCfg = Release|Any CPU
		{FADB1828-754D-4302-96E1-F7014B36A2B3}.Release|Any CPU.Build.0 = Release|Any CPU
		{449A7176-0830-4A69-AF67-A1F206B6417A}.Debug|Any CPU.ActiveCfg = Debug|Any CPU
		{449A7176-0830-4A69-AF67-A1F206B6417A}.Debug|Any CPU.Build.0 = Debug|Any CPU
		{449A7176-0830-4A69-AF67-A1F206B6417A}.Release|Any CPU.ActiveCfg = Release|Any CPU
		{449A7176-0830-4A69-AF67-A1F206B6417A}.Release|Any CPU.Build.0 = Release|Any CPU
	EndGlobalSection
	GlobalSection(SolutionProperties) = preSolution
		HideSolutionNode = FALSE
	EndGlobalSection
	GlobalSection(ExtensibilityGlobals) = postSolution
		SolutionGuid = {99C2A7EE-E13B-4CFD-9695-0987DB721C50}
	EndGlobalSection
EndGlobal
